
Microsoft Visual Studio Solution File, Format Version 11.00
# Visual Studio 2010
Project("{FAE04EC0-301F-11D3-BF4B-00C04F79EFBC}") = "RobotMotionControl", "RobotMotionControl\RobotMotionControl.csproj", "{6F5B3918-381B-4A23-A8F5-EA5436AFFFFB}"
EndProject
Global
	GlobalSection(SolutionConfigurationPlatforms) = preSolution
		Debug|x86 = Debug|x86
		Release|x86 = Release|x86
	EndGlobalSection
	GlobalSection(ProjectConfigurationPlatforms) = postSolution
		{6F5B3918-381B-4A23-A8F5-EA5436AFFFFB}.Debug|x86.ActiveCfg = Debug|x86
		{6F5B3918-381B-4A23-A8F5-EA5436AFFFFB}.Debug|x86.Build.0 = Debug|x86
		{6F5B3918-381B-4A23-A8F5-EA5436AFFFFB}.Release|x86.ActiveCfg = Release|x86
		{6F5B3918-381B-4A23-A8F5-EA5436AFFFFB}.Release|x86.Build.0 = Release|x86
	EndGlobalSection
	GlobalSection(SolutionProperties) = preSolution
		HideSolutionNode = FALSE
	EndGlobalSection
EndGlobal
